PODS:
  - BaiduMobStat (4.4.0)
  - HSDebug (1.0.0)

DEPENDENCIES:
  - BaiduMobStat (~> 4.4.0)
  - HSDebug (from `..`)

EXTERNAL SOURCES:
  HSDebug:
    :path: ".."

SPEC CHECKSUMS:
  BaiduMobStat: 268afdc731de49142e3e2ed794f8ed65002139b9
  HSDebug: ae529e46a61d36b50f32d9eb1fd34003afa95e19

PODFILE CHECKSUM: 15f8f8e3f2a56529a150878a391eb13c1475809b

COCOAPODS: 1.2.0
